
Microsoft Visual Studio Solution File, Format Version 12.00
# Visual Studio 15
VisualStudioVersion = 15.0.28307.102
MinimumVisualStudioVersion = 10.0.40219.1
Project("{2150E333-8FDC-42A3-9474-1A3956D46DE8}") = "Test", "Test", "{A9F47807-FBB0-4B3F-A602-1D6E08BD3775}"
EndProject
Project("{9A19103F-16F7-4668-BE54-9A1E7A4F7556}") = "DevToolsConsole", "DevToolsConsole\DevToolsConsole.csproj", "{05DD64EF-835E-486D-88BF-B62B6B296F01}"
EndProject
Project("{9A19103F-16F7-4668-BE54-9A1E7A4F7556}") = "DevToolsConnector", "DevToolsConnector\DevToolsConnector.csproj", "{A00B0DD3-BB5D-4CE4-937F-2E1B643523A7}"
EndProject
Project("{FAE04EC0-301F-11D3-BF4B-00C04F79EFBC}") = "DevToolsClient", "DevToolsClient\DevToolsClient.csproj", "{1680E905-5F48-4AA8-90EE-4F18DD856B1E}"
EndProject
Project("{2150E333-8FDC-42A3-9474-1A3956D46DE8}") = "Client", "Client", "{C2C22C73-A8EF-45DF-9607-F221D97CAE35}"
EndProject
Project("{FAE04EC0-301F-11D3-BF4B-00C04F79EFBC}") = "Logs", "Logs\Logs.csproj", "{820165BA-2577-49AC-A9F4-24F2221DF632}"
EndProject
Project("{FAE04EC0-301F-11D3-BF4B-00C04F79EFBC}") = "Communication", "Communication\Communication.csproj", "{B19ED883-5DBB-4CA1-B32E-0EF7E86DD3C9}"
EndProject
Project("{FAE04EC0-301F-11D3-BF4B-00C04F79EFBC}") = "DevToolsClientCore", "DevToolsClientCore\DevToolsClientCore.csproj", "{B349E9C2-FD79-4E80-B863-DAE8395F20F3}"
EndProject
Project("{9A19103F-16F7-4668-BE54-9A1E7A4F7556}") = "DevToolsMessage", "DevToolsMessage\DevToolsMessage.csproj", "{230740AD-BA4C-486F-9A39-6231B86B5B3D}"
EndProject
Project("{FAE04EC0-301F-11D3-BF4B-00C04F79EFBC}") = "DevToolsTestMessage", "DevToolsTestMessage\DevToolsTestMessage.csproj", "{B8018AF2-CE16-4864-B2B7-C3F323274C8A}"
EndProject
Global
	GlobalSection(SolutionConfigurationPlatforms) = preSolution
		Debug|Any CPU = Debug|Any CPU
		Release|Any CPU = Release|Any CPU
	EndGlobalSection
	GlobalSection(ProjectConfigurationPlatforms) = postSolution
		{05DD64EF-835E-486D-88BF-B62B6B296F01}.Debug|Any CPU.ActiveCfg = Debug|Any CPU
		{05DD64EF-835E-486D-88BF-B62B6B296F01}.Debug|Any CPU.Build.0 = Debug|Any CPU
		{05DD64EF-835E-486D-88BF-B62B6B296F01}.Release|Any CPU.ActiveCfg = Release|Any CPU
		{05DD64EF-835E-486D-88BF-B62B6B296F01}.Release|Any CPU.Build.0 = Release|Any CPU
		{A00B0DD3-BB5D-4CE4-937F-2E1B643523A7}.Debug|Any CPU.ActiveCfg = Debug|Any CPU
		{A00B0DD3-BB5D-4CE4-937F-2E1B643523A7}.Debug|Any CPU.Build.0 = Debug|Any CPU
		{A00B0DD3-BB5D-4CE4-937F-2E1B643523A7}.Release|Any CPU.ActiveCfg = Release|Any CPU
		{A00B0DD3-BB5D-4CE4-937F-2E1B643523A7}.Release|Any CPU.Build.0 = Release|Any CPU
		{1680E905-5F48-4AA8-90EE-4F18DD856B1E}.Debug|Any CPU.ActiveCfg = Debug|Any CPU
		{1680E905-5F48-4AA8-90EE-4F18DD856B1E}.Debug|Any CPU.Build.0 = Debug|Any CPU
		{1680E905-5F48-4AA8-90EE-4F18DD856B1E}.Release|Any CPU.ActiveCfg = Release|Any CPU
		{1680E905-5F48-4AA8-90EE-4F18DD856B1E}.Release|Any CPU.Build.0 = Release|Any CPU
		{820165BA-2577-49AC-A9F4-24F2221DF632}.Debug|Any CPU.ActiveCfg = Debug|Any CPU
		{820165BA-2577-49AC-A9F4-24F2221DF632}.Debug|Any CPU.Build.0 = Debug|Any CPU
		{820165BA-2577-49AC-A9F4-24F2221DF632}.Release|Any CPU.ActiveCfg = Release|Any CPU
		{820165BA-2577-49AC-A9F4-24F2221DF632}.Release|Any CPU.Build.0 = Release|Any CPU
		{B19ED883-5DBB-4CA1-B32E-0EF7E86DD3C9}.Debug|Any CPU.ActiveCfg = Debug|Any CPU
		{B19ED883-5DBB-4CA1-B32E-0EF7E86DD3C9}.Debug|Any CPU.Build.0 = Debug|Any CPU
		{B19ED883-5DBB-4CA1-B32E-0EF7E86DD3C9}.Release|Any CPU.ActiveCfg = Release|Any CPU
		{B19ED883-5DBB-4CA1-B32E-0EF7E86DD3C9}.Release|Any CPU.Build.0 = Release|Any CPU
		{B349E9C2-FD79-4E80-B863-DAE8395F20F3}.Debug|Any CPU.ActiveCfg = Debug|Any CPU
		{B349E9C2-FD79-4E80-B863-DAE8395F20F3}.Debug|Any CPU.Build.0 = Debug|Any CPU
		{B349E9C2-FD79-4E80-B863-DAE8395F20F3}.Release|Any CPU.ActiveCfg = Release|Any CPU
		{B349E9C2-FD79-4E80-B863-DAE8395F20F3}.Release|Any CPU.Build.0 = Release|Any CPU
		{230740AD-BA4C-486F-9A39-6231B86B5B3D}.Debug|Any CPU.ActiveCfg = Debug|Any CPU
		{230740AD-BA4C-486F-9A39-6231B86B5B3D}.Debug|Any CPU.Build.0 = Debug|Any CPU
		{230740AD-BA4C-486F-9A39-6231B86B5B3D}.Release|Any CPU.ActiveCfg = Release|Any CPU
		{230740AD-BA4C-486F-9A39-6231B86B5B3D}.Release|Any CPU.Build.0 = Release|Any CPU
		{B8018AF2-CE16-4864-B2B7-C3F323274C8A}.Debug|Any CPU.ActiveCfg = Debug|Any CPU
		{B8018AF2-CE16-4864-B2B7-C3F323274C8A}.Debug|Any CPU.Build.0 = Debug|Any CPU
		{B8018AF2-CE16-4864-B2B7-C3F323274C8A}.Release|Any CPU.ActiveCfg = Release|Any CPU
		{B8018AF2-CE16-4864-B2B7-C3F323274C8A}.Release|Any CPU.Build.0 = Release|Any CPU
	EndGlobalSection
	GlobalSection(SolutionProperties) = preSolution
		HideSolutionNode = FALSE
	EndGlobalSection
	GlobalSection(NestedProjects) = preSolution
		{05DD64EF-835E-486D-88BF-B62B6B296F01} = {A9F47807-FBB0-4B3F-A602-1D6E08BD3775}
		{1680E905-5F48-4AA8-90EE-4F18DD856B1E} = {C2C22C73-A8EF-45DF-9607-F221D97CAE35}
		{C2C22C73-A8EF-45DF-9607-F221D97CAE35} = {A9F47807-FBB0-4B3F-A602-1D6E08BD3775}
		{820165BA-2577-49AC-A9F4-24F2221DF632} = {C2C22C73-A8EF-45DF-9607-F221D97CAE35}
		{B19ED883-5DBB-4CA1-B32E-0EF7E86DD3C9} = {C2C22C73-A8EF-45DF-9607-F221D97CAE35}
		{B349E9C2-FD79-4E80-B863-DAE8395F20F3} = {C2C22C73-A8EF-45DF-9607-F221D97CAE35}
		{B8018AF2-CE16-4864-B2B7-C3F323274C8A} = {A9F47807-FBB0-4B3F-A602-1D6E08BD3775}
	EndGlobalSection
	GlobalSection(ExtensibilityGlobals) = postSolution
		SolutionGuid = {5178C1F4-F1B2-4749-A6E2-4BA73CB9F0EF}
	EndGlobalSection
EndGlobal
